Microsoft Visual Studio Solution File, Format Version 8.00
Project("{8BC9CEB8-8B4A-11D0-8D11-00A0C91BC942}") = "FreeImageAlgorithms", "FreeImageAlgorithms.vcproj", "{96A04D4C-2D24-4A0B-B54E-BFE2E7252816}"
	ProjectSection(ProjectDependencies) = postProject
	EndProjectSection
EndProject
Project("{8BC9CEB8-8B4A-11D0-8D11-00A0C91BC942}") = "Tests", "Tests\Tests.vcproj", "{3BEE38BA-2E88-47D7-A285-858FDC3E7FE3}"
	ProjectSection(ProjectDependencies) = postProject
		{96A04D4C-2D24-4A0B-B54E-BFE2E7252816} = {96A04D4C-2D24-4A0B-B54E-BFE2E7252816}
	EndProjectSection
EndProject
Global
	GlobalSection(SolutionConfiguration) = preSolution
		Debug = Debug
		Release = Release
	EndGlobalSection
	GlobalSection(ProjectConfiguration) = postSolution
		{96A04D4C-2D24-4A0B-B54E-BFE2E7252816}.Debug.ActiveCfg = Debug|Win32
		{96A04D4C-2D24-4A0B-B54E-BFE2E7252816}.Debug.Build.0 = Debug|Win32
		{96A04D4C-2D24-4A0B-B54E-BFE2E7252816}.Release.ActiveCfg = Release|Win32
		{96A04D4C-2D24-4A0B-B54E-BFE2E7252816}.Release.Build.0 = Release|Win32
		{3BEE38BA-2E88-47D7-A285-858FDC3E7FE3}.Debug.ActiveCfg = Debug|Win32
		{3BEE38BA-2E88-47D7-A285-858FDC3E7FE3}.Debug.Build.0 = Debug|Win32
		{3BEE38BA-2E88-47D7-A285-858FDC3E7FE3}.Release.ActiveCfg = Release|Win32
		{3BEE38BA-2E88-47D7-A285-858FDC3E7FE3}.Release.Build.0 = Release|Win32
	EndGlobalSection
	GlobalSection(ExtensibilityGlobals) = postSolution
	EndGlobalSection
	GlobalSection(ExtensibilityAddIns) = postSolution
	EndGlobalSection
EndGlobal
