Microsoft Visual Studio Solution File, Format Version 9.00
# Visual Studio 2005
Project("{FAE04EC0-301F-11D3-BF4B-00C04F79EFBC}") = "FreeImageAlgorithmsSharp", "FreeImageAlgorithmsSharp.csproj", "{D519D50B-B253-4F31-A8CA-BA6FDA73E59B}"
EndProject
Global
	GlobalSection(SolutionConfigurationPlatforms) = preSolution
		Debug|Any CPU = Debug|Any CPU
		Release|Any CPU = Release|Any CPU
	EndGlobalSection
	GlobalSection(ProjectConfigurationPlatforms) = postSolution
		{D519D50B-B253-4F31-A8CA-BA6FDA73E59B}.Debug|Any CPU.ActiveCfg = Debug|Any CPU
		{D519D50B-B253-4F31-A8CA-BA6FDA73E59B}.Debug|Any CPU.Build.0 = Debug|Any CPU
		{D519D50B-B253-4F31-A8CA-BA6FDA73E59B}.Release|Any CPU.ActiveCfg = Release|Any CPU
		{D519D50B-B253-4F31-A8CA-BA6FDA73E59B}.Release|Any CPU.Build.0 = Release|Any CPU
	EndGlobalSection
	GlobalSection(SolutionProperties) = preSolution
		HideSolutionNode = FALSE
	EndGlobalSection
EndGlobal
